
Microsoft Visual Studio Solution File, Format Version 12.00
# Visual Studio Version 16
VisualStudioVersion = 16.0.32002.261
MinimumVisualStudioVersion = 10.0.40219.1
Project("{9A19103F-16F7-4668-BE54-9A1E7A4F7556}") = "Shop.Server", "Server\Shop.Server.csproj", "{B807A796-8159-4E93-926F-5ED702E95771}"
EndProject
Project("{9A19103F-16F7-4668-BE54-9A1E7A4F7556}") = "Shop.Client", "Client\Shop.Client.csproj", "{F9650895-0C1C-4142-83E8-18532B3F914A}"
EndProject
Project("{9A19103F-16F7-4668-BE54-9A1E7A4F7556}") = "Shop.Shared", "Shared\Shop.Shared.csproj", "{E65C61CD-6114-45ED-B6CA-45D36EBFCA21}"
EndProject
Global
	GlobalSection(SolutionConfigurationPlatforms) = preSolution
		Debug|Any CPU = Debug|Any CPU
		Release|Any CPU = Release|Any CPU
	EndGlobalSection
	GlobalSection(ProjectConfigurationPlatforms) = postSolution
		{B807A796-8159-4E93-926F-5ED702E95771}.Debug|Any CPU.ActiveCfg = Debug|Any CPU
		{B807A796-8159-4E93-926F-5ED702E95771}.Debug|Any CPU.Build.0 = Debug|Any CPU
		{B807A796-8159-4E93-926F-5ED702E95771}.Release|Any CPU.ActiveCfg = Release|Any CPU
		{B807A796-8159-4E93-926F-5ED702E95771}.Release|Any CPU.Build.0 = Release|Any CPU
		{F9650895-0C1C-4142-83E8-18532B3F914A}.Debug|Any CPU.ActiveCfg = Debug|Any CPU
		{F9650895-0C1C-4142-83E8-18532B3F914A}.Debug|Any CPU.Build.0 = Debug|Any CPU
		{F9650895-0C1C-4142-83E8-18532B3F914A}.Release|Any CPU.ActiveCfg = Release|Any CPU
		{F9650895-0C1C-4142-83E8-18532B3F914A}.Release|Any CPU.Build.0 = Release|Any CPU
		{E65C61CD-6114-45ED-B6CA-45D36EBFCA21}.Debug|Any CPU.ActiveCfg = Debug|Any CPU
		{E65C61CD-6114-45ED-B6CA-45D36EBFCA21}.Debug|Any CPU.Build.0 = Debug|Any CPU
		{E65C61CD-6114-45ED-B6CA-45D36EBFCA21}.Release|Any CPU.ActiveCfg = Release|Any CPU
		{E65C61CD-6114-45ED-B6CA-45D36EBFCA21}.Release|Any CPU.Build.0 = Release|Any CPU
	EndGlobalSection
	GlobalSection(SolutionProperties) = preSolution
		HideSolutionNode = FALSE
	EndGlobalSection
	GlobalSection(ExtensibilityGlobals) = postSolution
		SolutionGuid = {DEB7E8A3-06EE-4827-AFCC-A704D56C3A87}
	EndGlobalSection
EndGlobal
